
Microsoft Visual Studio Solution File, Format Version 12.00
# Visual Studio Version 17
VisualStudioVersion = 17.11.35312.102
MinimumVisualStudioVersion = 10.0.40219.1
Project("{FAE04EC0-301F-11D3-BF4B-00C04F79EFBC}") = "SimuladorPatos", "SimuladorPatos\SimuladorPatos.csproj", "{D4E3F1C0-DB1E-4C27-94A0-6AAF637ADB8A}"
EndProject
Global
	GlobalSection(SolutionConfigurationPlatforms) = preSolution
		Debug|Any CPU = Debug|Any CPU
		Release|Any CPU = Release|Any CPU
	EndGlobalSection
	GlobalSection(ProjectConfigurationPlatforms) = postSolution
		{D4E3F1C0-DB1E-4C27-94A0-6AAF637ADB8A}.Debug|Any CPU.ActiveCfg = Debug|Any CPU
		{D4E3F1C0-DB1E-4C27-94A0-6AAF637ADB8A}.Debug|Any CPU.Build.0 = Debug|Any CPU
		{D4E3F1C0-DB1E-4C27-94A0-6AAF637ADB8A}.Release|Any CPU.ActiveCfg = Release|Any CPU
		{D4E3F1C0-DB1E-4C27-94A0-6AAF637ADB8A}.Release|Any CPU.Build.0 = Release|Any CPU
	EndGlobalSection
	GlobalSection(SolutionProperties) = preSolution
		HideSolutionNode = FALSE
	EndGlobalSection
	GlobalSection(ExtensibilityGlobals) = postSolution
		SolutionGuid = {42C30794-D1E6-4A39-A3C1-0A284AEB8273}
	EndGlobalSection
EndGlobal
